// !$*UTF8*$!
{
	archiveVersion = 1;
	classes = {
	};
	objectVersion = 55;
	objects = {

/* Begin PBXBuildFile section */
		6693FF5DBF5C73F24B438EF8 /* Pods_SimpraFinalProject.framework in Frameworks */ = {isa = PBXBuildFile; fileRef = 32FED47001D229097637FC27 /* Pods_SimpraFinalProject.framework */; };
		69063372298006E60019B410 /* SearchViewController.swift in Sources */ = {isa = PBXBuildFile; fileRef = 69063371298006E60019B410 /* SearchViewController.swift */; };
		69063379298010430019B410 /* FavoriteViewController.swift in Sources */ = {isa = PBXBuildFile; fileRef = 69063378298010430019B410 /* FavoriteViewController.swift */; };
		6906337B298010B20019B410 /* FavoriteViewModel.swift in Sources */ = {isa = PBXBuildFile; fileRef = 6906337A298010B20019B410 /* FavoriteViewModel.swift */; };
		6906337E298010F70019B410 /* FavoriteTableViewCell.swift in Sources */ = {isa = PBXBuildFile; fileRef = 6906337C298010F70019B410 /* FavoriteTableViewCell.swift */; };
		6906337F298010F70019B410 /* FavoriteTableViewCell.xib in Resources */ = {isa = PBXBuildFile; fileRef = 6906337D298010F70019B410 /* FavoriteTableViewCell.xib */; };
		690633862980168F0019B410 /* NoteViewController.swift in Sources */ = {isa = PBXBuildFile; fileRef = 690633852980168F0019B410 /* NoteViewController.swift */; };
		690633882980174F0019B410 /* NoteViewModel.swift in Sources */ = {isa = PBXBuildFile; fileRef = 690633872980174F0019B410 /* NoteViewModel.swift */; };
		69128B3529755761003679BA /* AppDelegate.swift in Sources */ = {isa = PBXBuildFile; fileRef = 69128B3429755761003679BA /* AppDelegate.swift */; };
		69128B3729755761003679BA /* SceneDelegate.swift in Sources */ = {isa = PBXBuildFile; fileRef = 69128B3629755761003679BA /* SceneDelegate.swift */; };
		69128B3929755761003679BA /* HomeSceneViewController.swift in Sources */ = {isa = PBXBuildFile; fileRef = 69128B3829755761003679BA /* HomeSceneViewController.swift */; };
		69128B3C29755761003679BA /* Main.storyboard in Resources */ = {isa = PBXBuildFile; fileRef = 69128B3A29755761003679BA /* Main.storyboard */; };
		69128B3F29755761003679BA /* SimpraFinalProject.xcdatamodeld in Sources */ = {isa = PBXBuildFile; fileRef = 69128B3D29755761003679BA /* SimpraFinalProject.xcdatamodeld */; };
		69128B4129755762003679BA /* Assets.xcassets in Resources */ = {isa = PBXBuildFile; fileRef = 69128B4029755762003679BA /* Assets.xcassets */; };
		69128B4429755762003679BA /* LaunchScreen.storyboard in Resources */ = {isa = PBXBuildFile; fileRef = 69128B4229755762003679BA /* LaunchScreen.storyboard */; };
		69561A9D297FDB92006A8CD8 /* Client.swift in Sources */ = {isa = PBXBuildFile; fileRef = 69561A9C297FDB92006A8CD8 /* Client.swift */; };
		69561A9F297FEF65006A8CD8 /* HomeScreenViewModel.swift in Sources */ = {isa = PBXBuildFile; fileRef = 69561A9E297FEF65006A8CD8 /* HomeScreenViewModel.swift */; };
		69561AA1297FEF93006A8CD8 /* GameListModel.swift in Sources */ = {isa = PBXBuildFile; fileRef = 69561AA0297FEF93006A8CD8 /* GameListModel.swift */; };
		69561AA5297FF10B006A8CD8 /* GameTableViewCell.swift in Sources */ = {isa = PBXBuildFile; fileRef = 69561AA3297FF10B006A8CD8 /* GameTableViewCell.swift */; };
		69561AA6297FF10B006A8CD8 /* GameTableViewCell.xib in Resources */ = {isa = PBXBuildFile; fileRef = 69561AA4297FF10B006A8CD8 /* GameTableViewCell.xib */; };
		69561AA9297FFC65006A8CD8 /* GameDetailViewController.swift in Sources */ = {isa = PBXBuildFile; fileRef = 69561AA8297FFC65006A8CD8 /* GameDetailViewController.swift */; };
		69561AAD297FFD7D006A8CD8 /* GameDetailModel.swift in Sources */ = {isa = PBXBuildFile; fileRef = 69561AAC297FFD7D006A8CD8 /* GameDetailModel.swift */; };
		69561AB0297FFE4C006A8CD8 /* GameDetailViewModel.swift in Sources */ = {isa = PBXBuildFile; fileRef = 69561AAF297FFE4C006A8CD8 /* GameDetailViewModel.swift */; };
		69561AB2297FFFAE006A8CD8 /* CoreDataManager.swift in Sources */ = {isa = PBXBuildFile; fileRef = 69561AB1297FFFAE006A8CD8 /* CoreDataManager.swift */; };
		69561AB4297FFFC3006A8CD8 /* LocalNotificationManager.swift in Sources */ = {isa = PBXBuildFile; fileRef = 69561AB3297FFFC3006A8CD8 /* LocalNotificationManager.swift */; };
		69561AB62980004F006A8CD8 /* HandleError.swift in Sources */ = {isa = PBXBuildFile; fileRef = 69561AB52980004F006A8CD8 /* HandleError.swift */; };
		69561AB829800060006A8CD8 /* Globals.swift in Sources */ = {isa = PBXBuildFile; fileRef = 69561AB729800060006A8CD8 /* Globals.swift */; };
/* End PBXBuildFile section */

/* Begin PBXFileReference section */
		32FED47001D229097637FC27 /* Pods_SimpraFinalProject.framework */ = {isa = PBXFileReference; explicitFileType = wrapper.framework; includeInIndex = 0; path = Pods_SimpraFinalProject.framework; sourceTree = BUILT_PRODUCTS_DIR; };
		69063371298006E60019B410 /* SearchViewController.swift */ = {isa = PBXFileReference; lastKnownFileType = sourcecode.swift; path = SearchViewController.swift; sourceTree = "<group>"; };
		69063378298010430019B410 /* FavoriteViewController.swift */ = {isa = PBXFileReference; lastKnownFileType = sourcecode.swift; path = FavoriteViewController.swift; sourceTree = "<group>"; };
		6906337A298010B20019B410 /* FavoriteViewModel.swift */ = {isa = PBXFileReference; lastKnownFileType = sourcecode.swift; path = FavoriteViewModel.swift; sourceTree = "<group>"; };
		6906337C298010F70019B410 /* FavoriteTableViewCell.swift */ = {isa = PBXFileReference; lastKnownFileType = sourcecode.swift; path = FavoriteTableViewCell.swift; sourceTree = "<group>"; };
		6906337D298010F70019B410 /* FavoriteTableViewCell.xib */ = {isa = PBXFileReference; lastKnownFileType = file.xib; path = FavoriteTableViewCell.xib; sourceTree = "<group>"; };
		690633852980168F0019B410 /* NoteViewController.swift */ = {isa = PBXFileReference; lastKnownFileType = sourcecode.swift; path = NoteViewController.swift; sourceTree = "<group>"; };
		690633872980174F0019B410 /* NoteViewModel.swift */ = {isa = PBXFileReference; lastKnownFileType = sourcecode.swift; path = NoteViewModel.swift; sourceTree = "<group>"; };
		69128B3129755761003679BA /* SimpraFinalProject.app */ = {isa = PBXFileReference; explicitFileType = wrapper.application; includeInIndex = 0; path = SimpraFinalProject.app; sourceTree = BUILT_PRODUCTS_DIR; };
		69128B3429755761003679BA /* AppDelegate.swift */ = {isa = PBXFileReference; lastKnownFileType = sourcecode.swift; path = AppDelegate.swift; sourceTree = "<group>"; };
		69128B3629755761003679BA /* SceneDelegate.swift */ = {isa = PBXFileReference; lastKnownFileType = sourcecode.swift; path = SceneDelegate.swift; sourceTree = "<group>"; };
		69128B3829755761003679BA /* HomeSceneViewController.swift */ = {isa = PBXFileReference; lastKnownFileType = sourcecode.swift; path = HomeSceneViewController.swift; sourceTree = "<group>"; };
		69128B3B29755761003679BA /* Base */ = {isa = PBXFileReference; lastKnownFileType = file.storyboard; name = Base; path = Base.lproj/Main.storyboard; sourceTree = "<group>"; };
		69128B3E29755761003679BA /* SimpraFinalProject.xcdatamodel */ = {isa = PBXFileReference; lastKnownFileType = wrapper.xcdatamodel; path = SimpraFinalProject.xcdatamodel; sourceTree = "<group>"; };
		69128B4029755762003679BA /* Assets.xcassets */ = {isa = PBXFileReference; lastKnownFileType = folder.assetcatalog; path = Assets.xcassets; sourceTree = "<group>"; };
		69128B4329755762003679BA /* Base */ = {isa = PBXFileReference; lastKnownFileType = file.storyboard; name = Base; path = Base.lproj/LaunchScreen.storyboard; sourceTree = "<group>"; };
		69128B4529755762003679BA /* Info.plist */ = {isa = PBXFileReference; lastKnownFileType = text.plist.xml; path = Info.plist; sourceTree = "<group>"; };
		69561A9C297FDB92006A8CD8 /* Client.swift */ = {isa = PBXFileReference; lastKnownFileType = sourcecode.swift; path = Client.swift; sourceTree = "<group>"; };
		69561A9E297FEF65006A8CD8 /* HomeScreenViewModel.swift */ = {isa = PBXFileReference; lastKnownFileType = sourcecode.swift; path = HomeScreenViewModel.swift; sourceTree = "<group>"; };
		69561AA0297FEF93006A8CD8 /* GameListModel.swift */ = {isa = PBXFileReference; lastKnownFileType = sourcecode.swift; path = GameListModel.swift; sourceTree = "<group>"; };
		69561AA3297FF10B006A8CD8 /* GameTableViewCell.swift */ = {isa = PBXFileReference; lastKnownFileType = sourcecode.swift; path = GameTableViewCell.swift; sourceTree = "<group>"; };
		69561AA4297FF10B006A8CD8 /* GameTableViewCell.xib */ = {isa = PBXFileReference; lastKnownFileType = file.xib; path = GameTableViewCell.xib; sourceTree = "<group>"; };
		69561AA8297FFC65006A8CD8 /* GameDetailViewController.swift */ = {isa = PBXFileReference; lastKnownFileType = sourcecode.swift; path = GameDetailViewController.swift; sourceTree = "<group>"; };
		69561AAC297FFD7D006A8CD8 /* GameDetailModel.swift */ = {isa = PBXFileReference; lastKnownFileType = sourcecode.swift; path = GameDetailModel.swift; sourceTree = "<group>"; };
		69561AAF297FFE4C006A8CD8 /* GameDetailViewModel.swift */ = {isa = PBXFileReference; lastKnownFileType = sourcecode.swift; path = GameDetailViewModel.swift; sourceTree = "<group>"; };
		69561AB1297FFFAE006A8CD8 /* CoreDataManager.swift */ = {isa = PBXFileReference; lastKnownFileType = sourcecode.swift; path = CoreDataManager.swift; sourceTree = "<group>"; };
		69561AB3297FFFC3006A8CD8 /* LocalNotificationManager.swift */ = {isa = PBXFileReference; lastKnownFileType = sourcecode.swift; path = LocalNotificationManager.swift; sourceTree = "<group>"; };
		69561AB52980004F006A8CD8 /* HandleError.swift */ = {isa = PBXFileReference; lastKnownFileType = sourcecode.swift; path = HandleError.swift; sourceTree = "<group>"; };
		69561AB729800060006A8CD8 /* Globals.swift */ = {isa = PBXFileReference; lastKnownFileType = sourcecode.swift; path = Globals.swift; sourceTree = "<group>"; };
		7618D46AF7B2A8DE60EC3601 /* Pods-SimpraFinalProject.debug.xcconfig */ = {isa = PBXFileReference; includeInIndex = 1; lastKnownFileType = text.xcconfig; name = "Pods-SimpraFinalProject.debug.xcconfig"; path = "Target Support Files/Pods-SimpraFinalProject/Pods-SimpraFinalProject.debug.xcconfig"; sourceTree = "<group>"; };
		BBF58E4A42A70DC6E7CB2136 /* Pods-SimpraFinalProject.release.xcconfig */ = {isa = PBXFileReference; includeInIndex = 1; lastKnownFileType = text.xcconfig; name = "Pods-SimpraFinalProject.release.xcconfig"; path = "Target Support Files/Pods-SimpraFinalProject/Pods-SimpraFinalProject.release.xcconfig"; sourceTree = "<group>"; };
/* End PBXFileReference section */

/* Begin PBXFrameworksBuildPhase section */
		69128B2E29755761003679BA /* Frameworks */ = {
			isa = PBXFrameworksBuildPhase;
			buildActionMask = 2147483647;
			files = (
				6693FF5DBF5C73F24B438EF8 /* Pods_SimpraFinalProject.framework in Frameworks */,
			);
			runOnlyForDeploymentPostprocessing = 0;
		};
/* End PBXFrameworksBuildPhase section */

/* Begin PBXGroup section */
		0C6F210490A97E5B56DBB72D /* Frameworks */ = {
			isa = PBXGroup;
			children = (
				32FED47001D229097637FC27 /* Pods_SimpraFinalProject.framework */,
			);
			name = Frameworks;
			sourceTree = "<group>";
		};
		1987255772C495EFD67F766D /* Pods */ = {
			isa = PBXGroup;
			children = (
				7618D46AF7B2A8DE60EC3601 /* Pods-SimpraFinalProject.debug.xcconfig */,
				BBF58E4A42A70DC6E7CB2136 /* Pods-SimpraFinalProject.release.xcconfig */,
			);
			path = Pods;
			sourceTree = "<group>";
		};
		69063370298006AB0019B410 /* SearchScreen */ = {
			isa = PBXGroup;
			children = (
				69063371298006E60019B410 /* SearchViewController.swift */,
			);
			path = SearchScreen;
			sourceTree = "<group>";
		};
		6906337329800F0D0019B410 /* FavoritePage */ = {
			isa = PBXGroup;
			children = (
				6906337729800F900019B410 /* View */,
				6906337629800F4C0019B410 /* Model */,
				6906337529800F460019B410 /* ViewController */,
				6906337429800F430019B410 /* ModelView */,
			);
			path = FavoritePage;
			sourceTree = "<group>";
		};
		6906337429800F430019B410 /* ModelView */ = {
			isa = PBXGroup;
			children = (
				6906337A298010B20019B410 /* FavoriteViewModel.swift */,
			);
			path = ModelView;
			sourceTree = "<group>";
		};
		6906337529800F460019B410 /* ViewController */ = {
			isa = PBXGroup;
			children = (
				69063378298010430019B410 /* FavoriteViewController.swift */,
			);
			path = ViewController;
			sourceTree = "<group>";
		};
		6906337629800F4C0019B410 /* Model */ = {
			isa = PBXGroup;
			children = (
			);
			path = Model;
			sourceTree = "<group>";
		};
		6906337729800F900019B410 /* View */ = {
			isa = PBXGroup;
			children = (
				6906337C298010F70019B410 /* FavoriteTableViewCell.swift */,
				6906337D298010F70019B410 /* FavoriteTableViewCell.xib */,
			);
			path = View;
			sourceTree = "<group>";
		};
		690633802980157C0019B410 /* NotePage */ = {
			isa = PBXGroup;
			children = (
				69063384298015BB0019B410 /* ModelView */,
				69063383298015A60019B410 /* Model */,
				690633822980159D0019B410 /* ViewController */,
				69063381298015950019B410 /* View */,
			);
			path = NotePage;
			sourceTree = "<group>";
		};
		69063381298015950019B410 /* View */ = {
			isa = PBXGroup;
			children = (
			);
			path = View;
			sourceTree = "<group>";
		};
		690633822980159D0019B410 /* ViewController */ = {
			isa = PBXGroup;
			children = (
				690633852980168F0019B410 /* NoteViewController.swift */,
			);
			path = ViewController;
			sourceTree = "<group>";
		};
		69063383298015A60019B410 /* Model */ = {
			isa = PBXGroup;
			children = (
			);
			path = Model;
			sourceTree = "<group>";
		};
		69063384298015BB0019B410 /* ModelView */ = {
			isa = PBXGroup;
			children = (
				690633872980174F0019B410 /* NoteViewModel.swift */,
			);
			path = ModelView;
			sourceTree = "<group>";
		};
		69128B2829755761003679BA = {
			isa = PBXGroup;
			children = (
				69128B3329755761003679BA /* SimpraFinalProject */,
				69128B3229755761003679BA /* Products */,
				1987255772C495EFD67F766D /* Pods */,
				0C6F210490A97E5B56DBB72D /* Frameworks */,
			);
			sourceTree = "<group>";
		};
		69128B3229755761003679BA /* Products */ = {
			isa = PBXGroup;
			children = (
				69128B3129755761003679BA /* SimpraFinalProject.app */,
			);
			name = Products;
			sourceTree = "<group>";
		};
		69128B3329755761003679BA /* SimpraFinalProject */ = {
			isa = PBXGroup;
			children = (
				69063370298006AB0019B410 /* SearchScreen */,
				69561A9B297FDB75006A8CD8 /* Core */,
				69561A91297FC6ED006A8CD8 /* HomePage */,
				6906337329800F0D0019B410 /* FavoritePage */,
				690633802980157C0019B410 /* NotePage */,
				69561AA7297FFBD9006A8CD8 /* GameDetailPage */,
				69128B3429755761003679BA /* AppDelegate.swift */,
				69128B3629755761003679BA /* SceneDelegate.swift */,
				69128B3A29755761003679BA /* Main.storyboard */,
				69128B4029755762003679BA /* Assets.xcassets */,
				69128B4229755762003679BA /* LaunchScreen.storyboard */,
				69128B4529755762003679BA /* Info.plist */,
				69128B3D29755761003679BA /* SimpraFinalProject.xcdatamodeld */,
				69561AB52980004F006A8CD8 /* HandleError.swift */,
				69561AB729800060006A8CD8 /* Globals.swift */,
			);
			path = SimpraFinalProject;
			sourceTree = "<group>";
		};
		69561A91297FC6ED006A8CD8 /* HomePage */ = {
			isa = PBXGroup;
			children = (
				69561AB929800601006A8CD8 /* SearchScreen */,
				69561AA2297FF0E9006A8CD8 /* View */,
				69561A96297FC7C3006A8CD8 /* ViewModel */,
				69561A93297FC70D006A8CD8 /* Model */,
				69561A92297FC6FB006A8CD8 /* ViewController */,
			);
			path = HomePage;
			sourceTree = "<group>";
		};
		69561A92297FC6FB006A8CD8 /* ViewController */ = {
			isa = PBXGroup;
			children = (
				69128B3829755761003679BA /* HomeSceneViewController.swift */,
			);
			path = ViewController;
			sourceTree = "<group>";
		};
		69561A93297FC70D006A8CD8 /* Model */ = {
			isa = PBXGroup;
			children = (
				69561AA0297FEF93006A8CD8 /* GameListModel.swift */,
			);
			path = Model;
			sourceTree = "<group>";
		};
		69561A96297FC7C3006A8CD8 /* ViewModel */ = {
			isa = PBXGroup;
			children = (
				69561A9E297FEF65006A8CD8 /* HomeScreenViewModel.swift */,
			);
			path = ViewModel;
			sourceTree = "<group>";
		};
		69561A9B297FDB75006A8CD8 /* Core */ = {
			isa = PBXGroup;
			children = (
				69561A9C297FDB92006A8CD8 /* Client.swift */,
				69561AB1297FFFAE006A8CD8 /* CoreDataManager.swift */,
				69561AB3297FFFC3006A8CD8 /* LocalNotificationManager.swift */,
			);
			path = Core;
			sourceTree = "<group>";
		};
		69561AA2297FF0E9006A8CD8 /* View */ = {
			isa = PBXGroup;
			children = (
				69561AA3297FF10B006A8CD8 /* GameTableViewCell.swift */,
				69561AA4297FF10B006A8CD8 /* GameTableViewCell.xib */,
			);
			path = View;
			sourceTree = "<group>";
		};
		69561AA7297FFBD9006A8CD8 /* GameDetailPage */ = {
			isa = PBXGroup;
			children = (
				69561AAE297FFDE0006A8CD8 /* ViewModel */,
				69561AAB297FFD65006A8CD8 /* Model */,
				69561AAA297FFD54006A8CD8 /* ViewControllers */,
			);
			path = GameDetailPage;
			sourceTree = "<group>";
		};
		69561AAA297FFD54006A8CD8 /* ViewControllers */ = {
			isa = PBXGroup;
			children = (
				69561AA8297FFC65006A8CD8 /* GameDetailViewController.swift */,
			);
			path = ViewControllers;
			sourceTree = "<group>";
		};
		69561AAB297FFD65006A8CD8 /* Model */ = {
			isa = PBXGroup;
			children = (
				69561AAC297FFD7D006A8CD8 /* GameDetailModel.swift */,
			);
			path = Model;
			sourceTree = "<group>";
		};
		69561AAE297FFDE0006A8CD8 /* ViewModel */ = {
			isa = PBXGroup;
			children = (
				69561AAF297FFE4C006A8CD8 /* GameDetailViewModel.swift */,
			);
			path = ViewModel;
			sourceTree = "<group>";
		};
		69561AB929800601006A8CD8 /* SearchScreen */ = {
			isa = PBXGroup;
			children = (
			);
			path = SearchScreen;
			sourceTree = "<group>";
		};
/* End PBXGroup section */

/* Begin PBXNativeTarget section */
		69128B3029755761003679BA /* SimpraFinalProject */ = {
			isa = PBXNativeTarget;
			buildConfigurationList = 69128B4829755762003679BA /* Build configuration list for PBXNativeTarget "SimpraFinalProject" */;
			buildPhases = (
				EFE51564C81ADFDF25FE0D93 /* [CP] Check Pods Manifest.lock */,
				69128B2D29755761003679BA /* Sources */,
				69128B2E29755761003679BA /* Frameworks */,
				69128B2F29755761003679BA /* Resources */,
				12CF89801EE923255DBB7173 /* [CP] Embed Pods Frameworks */,
			);
			buildRules = (
			);
			dependencies = (
			);
			name = SimpraFinalProject;
			productName = SimpraFinalProject;
			productReference = 69128B3129755761003679BA /* SimpraFinalProject.app */;
			productType = "com.apple.product-type.application";
		};
/* End PBXNativeTarget section */

/* Begin PBXProject section */
		69128B2929755761003679BA /* Project object */ = {
			isa = PBXProject;
			attributes = {
				BuildIndependentTargetsInParallel = 1;
				LastSwiftUpdateCheck = 1420;
				LastUpgradeCheck = 1420;
				TargetAttributes = {
					69128B3029755761003679BA = {
						CreatedOnToolsVersion = 14.2;
					};
				};
			};
			buildConfigurationList = 69128B2C29755761003679BA /* Build configuration list for PBXProject "SimpraFinalProject" */;
			compatibilityVersion = "Xcode 13.0";
			developmentRegion = en;
			hasScannedForEncodings = 0;
			knownRegions = (
				en,
				Base,
			);
			mainGroup = 69128B2829755761003679BA;
			productRefGroup = 69128B3229755761003679BA /* Products */;
			projectDirPath = "";
			projectRoot = "";
			targets = (
				69128B3029755761003679BA /* SimpraFinalProject */,
			);
		};
/* End PBXProject section */

/* Begin PBXResourcesBuildPhase section */
		69128B2F29755761003679BA /* Resources */ = {
			isa = PBXResourcesBuildPhase;
			buildActionMask = 2147483647;
			files = (
				69128B4429755762003679BA /* LaunchScreen.storyboard in Resources */,
				69128B4129755762003679BA /* Assets.xcassets in Resources */,
				6906337F298010F70019B410 /* FavoriteTableViewCell.xib in Resources */,
				69128B3C29755761003679BA /* Main.storyboard in Resources */,
				69561AA6297FF10B006A8CD8 /* GameTableViewCell.xib in Resources */,
			);
			runOnlyForDeploymentPostprocessing = 0;
		};
/* End PBXResourcesBuildPhase section */

/* Begin PBXShellScriptBuildPhase section */
		12CF89801EE923255DBB7173 /* [CP] Embed Pods Frameworks */ = {
			isa = PBXShellScriptBuildPhase;
			buildActionMask = 2147483647;
			files = (
			);
			inputFileListPaths = (
				"${PODS_ROOT}/Target Support Files/Pods-SimpraFinalProject/Pods-SimpraFinalProject-frameworks-${CONFIGURATION}-input-files.xcfilelist",
			);
			name = "[CP] Embed Pods Frameworks";
			outputFileListPaths = (
				"${PODS_ROOT}/Target Support Files/Pods-SimpraFinalProject/Pods-SimpraFinalProject-frameworks-${CONFIGURATION}-output-files.xcfilelist",
			);
			runOnlyForDeploymentPostprocessing = 0;
			shellPath = /bin/sh;
			shellScript = "\"${PODS_ROOT}/Target Support Files/Pods-SimpraFinalProject/Pods-SimpraFinalProject-frameworks.sh\"\n";
			showEnvVarsInLog = 0;
		};
		EFE51564C81ADFDF25FE0D93 /* [CP] Check Pods Manifest.lock */ = {
			isa = PBXShellScriptBuildPhase;
			buildActionMask = 2147483647;
			files = (
			);
			inputFileListPaths = (
			);
			inputPaths = (
				"${PODS_PODFILE_DIR_PATH}/Podfile.lock",
				"${PODS_ROOT}/Manifest.lock",
			);
			name = "[CP] Check Pods Manifest.lock";
			outputFileListPaths = (
			);
			outputPaths = (
				"$(DERIVED_FILE_DIR)/Pods-SimpraFinalProject-checkManifestLockResult.txt",
			);
			runOnlyForDeploymentPostprocessing = 0;
			shellPath = /bin/sh;
			shellScript = "diff \"${PODS_PODFILE_DIR_PATH}/Podfile.lock\" \"${PODS_ROOT}/Manifest.lock\" > /dev/null\nif [ $? != 0 ] ; then\n    # print error to STDERR\n    echo \"error: The sandbox is not in sync with the Podfile.lock. Run 'pod install' or update your CocoaPods installation.\" >&2\n    exit 1\nfi\n# This output is used by Xcode 'outputs' to avoid re-running this script phase.\necho \"SUCCESS\" > \"${SCRIPT_OUTPUT_FILE_0}\"\n";
			showEnvVarsInLog = 0;
		};
/* End PBXShellScriptBuildPhase section */

/* Begin PBXSourcesBuildPhase section */
		69128B2D29755761003679BA /* Sources */ = {
			isa = PBXSourcesBuildPhase;
			buildActionMask = 2147483647;
			files = (
				6906337B298010B20019B410 /* FavoriteViewModel.swift in Sources */,
				69128B3F29755761003679BA /* SimpraFinalProject.xcdatamodeld in Sources */,
				69561AB0297FFE4C006A8CD8 /* GameDetailViewModel.swift in Sources */,
				6906337E298010F70019B410 /* FavoriteTableViewCell.swift in Sources */,
				69561AA1297FEF93006A8CD8 /* GameListModel.swift in Sources */,
				69561AB4297FFFC3006A8CD8 /* LocalNotificationManager.swift in Sources */,
				69561A9F297FEF65006A8CD8 /* HomeScreenViewModel.swift in Sources */,
				69128B3929755761003679BA /* HomeSceneViewController.swift in Sources */,
				690633862980168F0019B410 /* NoteViewController.swift in Sources */,
				69561AAD297FFD7D006A8CD8 /* GameDetailModel.swift in Sources */,
				69561AB2297FFFAE006A8CD8 /* CoreDataManager.swift in Sources */,
				69561AB829800060006A8CD8 /* Globals.swift in Sources */,
				69561AA9297FFC65006A8CD8 /* GameDetailViewController.swift in Sources */,
				69063372298006E60019B410 /* SearchViewController.swift in Sources */,
				690633882980174F0019B410 /* NoteViewModel.swift in Sources */,
				69128B3529755761003679BA /* AppDelegate.swift in Sources */,
				69063379298010430019B410 /* FavoriteViewController.swift in Sources */,
				69561A9D297FDB92006A8CD8 /* Client.swift in Sources */,
				69128B3729755761003679BA /* SceneDelegate.swift in Sources */,
				69561AB62980004F006A8CD8 /* HandleError.swift in Sources */,
				69561AA5297FF10B006A8CD8 /* GameTableViewCell.swift in Sources */,
			);
			runOnlyForDeploymentPostprocessing = 0;
		};
/* End PBXSourcesBuildPhase section */

/* Begin PBXVariantGroup section */
		69128B3A29755761003679BA /* Main.storyboard */ = {
			isa = PBXVariantGroup;
			children = (
				69128B3B29755761003679BA /* Base */,
			);
			name = Main.storyboard;
			sourceTree = "<group>";
		};
		69128B4229755762003679BA /* LaunchScreen.storyboard */ = {
			isa = PBXVariantGroup;
			children = (
				69128B4329755762003679BA /* Base */,
			);
			name = LaunchScreen.storyboard;
			sourceTree = "<group>";
		};
/* End PBXVariantGroup section */

/* Begin XCBuildConfiguration section */
		69128B4629755762003679BA /* Debug */ = {
			isa = XCBuildConfiguration;
			buildSettings = {
				ALWAYS_SEARCH_USER_PATHS = NO;
				CLANG_ANALYZER_NONNULL = YES;
				CLANG_ANALYZER_NUMBER_OBJECT_CONVERSION = YES_AGGRESSIVE;
				CLANG_CXX_LANGUAGE_STANDARD = "gnu++20";
				CLANG_ENABLE_MODULES = YES;
				CLANG_ENABLE_OBJC_ARC = YES;
				CLANG_ENABLE_OBJC_WEAK = YES;
				CLANG_WARN_BLOCK_CAPTURE_AUTORELEASING = YES;
				CLANG_WARN_BOOL_CONVERSION = YES;
				CLANG_WARN_COMMA = YES;
				CLANG_WARN_CONSTANT_CONVERSION = YES;
				CLANG_WARN_DEPRECATED_OBJC_IMPLEMENTATIONS = YES;
				CLANG_WARN_DIRECT_OBJC_ISA_USAGE = YES_ERROR;
				CLANG_WARN_DOCUMENTATION_COMMENTS = YES;
				CLANG_WARN_EMPTY_BODY = YES;
				CLANG_WARN_ENUM_CONVERSION = YES;
				CLANG_WARN_INFINITE_RECURSION = YES;
				CLANG_WARN_INT_CONVERSION = YES;
				CLANG_WARN_NON_LITERAL_NULL_CONVERSION = YES;
				CLANG_WARN_OBJC_IMPLICIT_RETAIN_SELF = YES;
				CLANG_WARN_OBJC_LITERAL_CONVERSION = YES;
				CLANG_WARN_OBJC_ROOT_CLASS = YES_ERROR;
				CLANG_WARN_QUOTED_INCLUDE_IN_FRAMEWORK_HEADER = YES;
				CLANG_WARN_RANGE_LOOP_ANALYSIS = YES;
				CLANG_WARN_STRICT_PROTOTYPES = YES;
				CLANG_WARN_SUSPICIOUS_MOVE = YES;
				CLANG_WARN_UNGUARDED_AVAILABILITY = YES_AGGRESSIVE;
				CLANG_WARN_UNREACHABLE_CODE = YES;
				CLANG_WARN__DUPLICATE_METHOD_MATCH = YES;
				COPY_PHASE_STRIP = NO;
				DEBUG_INFORMATION_FORMAT = dwarf;
				ENABLE_STRICT_OBJC_MSGSEND = YES;
				ENABLE_TESTABILITY = YES;
				GCC_C_LANGUAGE_STANDARD = gnu11;
				GCC_DYNAMIC_NO_PIC = NO;
				GCC_NO_COMMON_BLOCKS = YES;
				GCC_OPTIMIZATION_LEVEL = 0;
				GCC_PREPROCESSOR_DEFINITIONS = (
					"DEBUG=1",
					"$(inherited)",
				);
				GCC_WARN_64_TO_32_BIT_CONVERSION = YES;
				GCC_WARN_ABOUT_RETURN_TYPE = YES_ERROR;
				GCC_WARN_UNDECLARED_SELECTOR = YES;
				GCC_WARN_UNINITIALIZED_AUTOS = YES_AGGRESSIVE;
				GCC_WARN_UNUSED_FUNCTION = YES;
				GCC_WARN_UNUSED_VARIABLE = YES;
				IPHONEOS_DEPLOYMENT_TARGET = 16.2;
				MTL_ENABLE_DEBUG_INFO = INCLUDE_SOURCE;
				MTL_FAST_MATH = YES;
				ONLY_ACTIVE_ARCH = YES;
				SDKROOT = iphoneos;
				SWIFT_ACTIVE_COMPILATION_CONDITIONS = DEBUG;
				SWIFT_OPTIMIZATION_LEVEL = "-Onone";
			};
			name = Debug;
		};
		69128B4729755762003679BA /* Release */ = {
			isa = XCBuildConfiguration;
			buildSettings = {
				ALWAYS_SEARCH_USER_PATHS = NO;
				CLANG_ANALYZER_NONNULL = YES;
				CLANG_ANALYZER_NUMBER_OBJECT_CONVERSION = YES_AGGRESSIVE;
				CLANG_CXX_LANGUAGE_STANDARD = "gnu++20";
				CLANG_ENABLE_MODULES = YES;
				CLANG_ENABLE_OBJC_ARC = YES;
				CLANG_ENABLE_OBJC_WEAK = YES;
				CLANG_WARN_BLOCK_CAPTURE_AUTORELEASING = YES;
				CLANG_WARN_BOOL_CONVERSION = YES;
				CLANG_WARN_COMMA = YES;
				CLANG_WARN_CONSTANT_CONVERSION = YES;
				CLANG_WARN_DEPRECATED_OBJC_IMPLEMENTATIONS = YES;
				CLANG_WARN_DIRECT_OBJC_ISA_USAGE = YES_ERROR;
				CLANG_WARN_DOCUMENTATION_COMMENTS = YES;
				CLANG_WARN_EMPTY_BODY = YES;
				CLANG_WARN_ENUM_CONVERSION = YES;
				CLANG_WARN_INFINITE_RECURSION = YES;
				CLANG_WARN_INT_CONVERSION = YES;
				CLANG_WARN_NON_LITERAL_NULL_CONVERSION = YES;
				CLANG_WARN_OBJC_IMPLICIT_RETAIN_SELF = YES;
				CLANG_WARN_OBJC_LITERAL_CONVERSION = YES;
				CLANG_WARN_OBJC_ROOT_CLASS = YES_ERROR;
				CLANG_WARN_QUOTED_INCLUDE_IN_FRAMEWORK_HEADER = YES;
				CLANG_WARN_RANGE_LOOP_ANALYSIS = YES;
				CLANG_WARN_STRICT_PROTOTYPES = YES;
				CLANG_WARN_SUSPICIOUS_MOVE = YES;
				CLANG_WARN_UNGUARDED_AVAILABILITY = YES_AGGRESSIVE;
				CLANG_WARN_UNREACHABLE_CODE = YES;
				CLANG_WARN__DUPLICATE_METHOD_MATCH = YES;
				COPY_PHASE_STRIP = NO;
				DEBUG_INFORMATION_FORMAT = "dwarf-with-dsym";
				ENABLE_NS_ASSERTIONS = NO;
				ENABLE_STRICT_OBJC_MSGSEND = YES;
				GCC_C_LANGUAGE_STANDARD = gnu11;
				GCC_NO_COMMON_BLOCKS = YES;
				GCC_WARN_64_TO_32_BIT_CONVERSION = YES;
				GCC_WARN_ABOUT_RETURN_TYPE = YES_ERROR;
				GCC_WARN_UNDECLARED_SELECTOR = YES;
				GCC_WARN_UNINITIALIZED_AUTOS = YES_AGGRESSIVE;
				GCC_WARN_UNUSED_FUNCTION = YES;
				GCC_WARN_UNUSED_VARIABLE = YES;
				IPHONEOS_DEPLOYMENT_TARGET = 16.2;
				MTL_ENABLE_DEBUG_INFO = NO;
				MTL_FAST_MATH = YES;
				SDKROOT = iphoneos;
				SWIFT_COMPILATION_MODE = wholemodule;
				SWIFT_OPTIMIZATION_LEVEL = "-O";
				VALIDATE_PRODUCT = YES;
			};
			name = Release;
		};
		69128B4929755762003679BA /* Debug */ = {
			isa = XCBuildConfiguration;
			baseConfigurationReference = 7618D46AF7B2A8DE60EC3601 /* Pods-SimpraFinalProject.debug.xcconfig */;
			buildSettings = {
				ASSETCATALOG_COMPILER_APPICON_NAME = AppIcon;
				ASSETCATALOG_COMPILER_GLOBAL_ACCENT_COLOR_NAME = AccentColor;
				CODE_SIGN_STYLE = Automatic;
				CURRENT_PROJECT_VERSION = 1;
				DEVELOPMENT_TEAM = LX3TQB65GJ;
				GENERATE_INFOPLIST_FILE = YES;
				INFOPLIST_FILE = SimpraFinalProject/Info.plist;
				INFOPLIST_KEY_UIApplicationSupportsIndirectInputEvents = YES;
				INFOPLIST_KEY_UILaunchStoryboardName = LaunchScreen;
				INFOPLIST_KEY_UIMainStoryboardFile = Main;
				INFOPLIST_KEY_UISupportedInterfaceOrientations_iPad = "UIInterfaceOrientationPortrait UIInterfaceOrientationPortraitUpsideDown UIInterfaceOrientationLandscapeLeft UIInterfaceOrientationLandscapeRight";
				INFOPLIST_KEY_UISupportedInterfaceOrientations_iPhone = "UIInterfaceOrientationPortrait UIInterfaceOrientationLandscapeLeft UIInterfaceOrientationLandscapeRight";
				LD_RUNPATH_SEARCH_PATHS = (
					"$(inherited)",
					"@executable_path/Frameworks",
				);
				MARKETING_VERSION = 1.0;
				PRODUCT_BUNDLE_IDENTIFIER = Albaylar.SimpraFinalProject;
				PRODUCT_NAME = "$(TARGET_NAME)";
				SWIFT_EMIT_LOC_STRINGS = YES;
				SWIFT_VERSION = 5.0;
				TARGETED_DEVICE_FAMILY = "1,2";
			};
			name = Debug;
		};
		69128B4A29755762003679BA /* Release */ = {
			isa = XCBuildConfiguration;
			baseConfigurationReference = BBF58E4A42A70DC6E7CB2136 /* Pods-SimpraFinalProject.release.xcconfig */;
			buildSettings = {
				ASSETCATALOG_COMPILER_APPICON_NAME = AppIcon;
				ASSETCATALOG_COMPILER_GLOBAL_ACCENT_COLOR_NAME = AccentColor;
				CODE_SIGN_STYLE = Automatic;
				CURRENT_PROJECT_VERSION = 1;
				DEVELOPMENT_TEAM = LX3TQB65GJ;
				GENERATE_INFOPLIST_FILE = YES;
				INFOPLIST_FILE = SimpraFinalProject/Info.plist;
				INFOPLIST_KEY_UIApplicationSupportsIndirectInputEvents = YES;
				INFOPLIST_KEY_UILaunchStoryboardName = LaunchScreen;
				INFOPLIST_KEY_UIMainStoryboardFile = Main;
				INFOPLIST_KEY_UISupportedInterfaceOrientations_iPad = "UIInterfaceOrientationPortrait UIInterfaceOrientationPortraitUpsideDown UIInterfaceOrientationLandscapeLeft UIInterfaceOrientationLandscapeRight";
				INFOPLIST_KEY_UISupportedInterfaceOrientations_iPhone = "UIInterfaceOrientationPortrait UIInterfaceOrientationLandscapeLeft UIInterfaceOrientationLandscapeRight";
				LD_RUNPATH_SEARCH_PATHS = (
					"$(inherited)",
					"@executable_path/Frameworks",
				);
				MARKETING_VERSION = 1.0;
				PRODUCT_BUNDLE_IDENTIFIER = Albaylar.SimpraFinalProject;
				PRODUCT_NAME = "$(TARGET_NAME)";
				SWIFT_EMIT_LOC_STRINGS = YES;
				SWIFT_VERSION = 5.0;
				TARGETED_DEVICE_FAMILY = "1,2";
			};
			name = Release;
		};
/* End XCBuildConfiguration section */

/* Begin XCConfigurationList section */
		69128B2C29755761003679BA /* Build configuration list for PBXProject "SimpraFinalProject" */ = {
			isa = XCConfigurationList;
			buildConfigurations = (
				69128B4629755762003679BA /* Debug */,
				69128B4729755762003679BA /* Release */,
			);
			defaultConfigurationIsVisible = 0;
			defaultConfigurationName = Release;
		};
		69128B4829755762003679BA /* Build configuration list for PBXNativeTarget "SimpraFinalProject" */ = {
			isa = XCConfigurationList;
			buildConfigurations = (
				69128B4929755762003679BA /* Debug */,
				69128B4A29755762003679BA /* Release */,
			);
			defaultConfigurationIsVisible = 0;
			defaultConfigurationName = Release;
		};
/* End XCConfigurationList section */

/* Begin XCVersionGroup section */
		69128B3D29755761003679BA /* SimpraFinalProject.xcdatamodeld */ = {
			isa = XCVersionGroup;
			children = (
				69128B3E29755761003679BA /* SimpraFinalProject.xcdatamodel */,
			);
			currentVersion = 69128B3E29755761003679BA /* SimpraFinalProject.xcdatamodel */;
			path = SimpraFinalProject.xcdatamodeld;
			sourceTree = "<group>";
			versionGroupType = wrapper.xcdatamodel;
		};
/* End XCVersionGroup section */
	};
	rootObject = 69128B2929755761003679BA /* Project object */;
}
